
Microsoft Visual Studio Solution File, Format Version 12.00
# Visual Studio 15
VisualStudioVersion = 15.0.26124.0
MinimumVisualStudioVersion = 15.0.26124.0
Project("{FAE04EC0-301F-11D3-BF4B-00C04F79EFBC}") = "QuickBuy.Dominio", "QuickBuy.Dominio\QuickBuy.Dominio.csproj", "{4422494B-013E-44BA-818E-BC57D3FD410E}"
EndProject
Project("{FAE04EC0-301F-11D3-BF4B-00C04F79EFBC}") = "QuickBuy.Repositorio", "QuickBuy.Repositorio\QuickBuy.Repositorio.csproj", "{CF6761AE-6F42-40BA-9098-96C237586703}"
EndProject
Project("{FAE04EC0-301F-11D3-BF4B-00C04F79EFBC}") = "QuickBuy.Web", "QuickBuy.Web\QuickBuy.Web.csproj", "{26ECB5BE-0F3F-4A9C-B791-94A1B2120AC5}"
EndProject
Global
	GlobalSection(SolutionConfigurationPlatforms) = preSolution
		Debug|Any CPU = Debug|Any CPU
		Debug|x64 = Debug|x64
		Debug|x86 = Debug|x86
		Release|Any CPU = Release|Any CPU
		Release|x64 = Release|x64
		Release|x86 = Release|x86
	EndGlobalSection
	GlobalSection(SolutionProperties) = preSolution
		HideSolutionNode = FALSE
	EndGlobalSection
	GlobalSection(ProjectConfigurationPlatforms) = postSolution
		{4422494B-013E-44BA-818E-BC57D3FD410E}.Debug|Any CPU.ActiveCfg = Debug|Any CPU
		{4422494B-013E-44BA-818E-BC57D3FD410E}.Debug|Any CPU.Build.0 = Debug|Any CPU
		{4422494B-013E-44BA-818E-BC57D3FD410E}.Debug|x64.ActiveCfg = Debug|Any CPU
		{4422494B-013E-44BA-818E-BC57D3FD410E}.Debug|x64.Build.0 = Debug|Any CPU
		{4422494B-013E-44BA-818E-BC57D3FD410E}.Debug|x86.ActiveCfg = Debug|Any CPU
		{4422494B-013E-44BA-818E-BC57D3FD410E}.Debug|x86.Build.0 = Debug|Any CPU
		{4422494B-013E-44BA-818E-BC57D3FD410E}.Release|Any CPU.ActiveCfg = Release|Any CPU
		{4422494B-013E-44BA-818E-BC57D3FD410E}.Release|Any CPU.Build.0 = Release|Any CPU
		{4422494B-013E-44BA-818E-BC57D3FD410E}.Release|x64.ActiveCfg = Release|Any CPU
		{4422494B-013E-44BA-818E-BC57D3FD410E}.Release|x64.Build.0 = Release|Any CPU
		{4422494B-013E-44BA-818E-BC57D3FD410E}.Release|x86.ActiveCfg = Release|Any CPU
		{4422494B-013E-44BA-818E-BC57D3FD410E}.Release|x86.Build.0 = Release|Any CPU
		{CF6761AE-6F42-40BA-9098-96C237586703}.Debug|Any CPU.ActiveCfg = Debug|Any CPU
		{CF6761AE-6F42-40BA-9098-96C237586703}.Debug|Any CPU.Build.0 = Debug|Any CPU
		{CF6761AE-6F42-40BA-9098-96C237586703}.Debug|x64.ActiveCfg = Debug|Any CPU
		{CF6761AE-6F42-40BA-9098-96C237586703}.Debug|x64.Build.0 = Debug|Any CPU
		{CF6761AE-6F42-40BA-9098-96C237586703}.Debug|x86.ActiveCfg = Debug|Any CPU
		{CF6761AE-6F42-40BA-9098-96C237586703}.Debug|x86.Build.0 = Debug|Any CPU
		{CF6761AE-6F42-40BA-9098-96C237586703}.Release|Any CPU.ActiveCfg = Release|Any CPU
		{CF6761AE-6F42-40BA-9098-96C237586703}.Release|Any CPU.Build.0 = Release|Any CPU
		{CF6761AE-6F42-40BA-9098-96C237586703}.Release|x64.ActiveCfg = Release|Any CPU
		{CF6761AE-6F42-40BA-9098-96C237586703}.Release|x64.Build.0 = Release|Any CPU
		{CF6761AE-6F42-40BA-9098-96C237586703}.Release|x86.ActiveCfg = Release|Any CPU
		{CF6761AE-6F42-40BA-9098-96C237586703}.Release|x86.Build.0 = Release|Any CPU
		{26ECB5BE-0F3F-4A9C-B791-94A1B2120AC5}.Debug|Any CPU.ActiveCfg = Debug|Any CPU
		{26ECB5BE-0F3F-4A9C-B791-94A1B2120AC5}.Debug|Any CPU.Build.0 = Debug|Any CPU
		{26ECB5BE-0F3F-4A9C-B791-94A1B2120AC5}.Debug|x64.ActiveCfg = Debug|Any CPU
		{26ECB5BE-0F3F-4A9C-B791-94A1B2120AC5}.Debug|x64.Build.0 = Debug|Any CPU
		{26ECB5BE-0F3F-4A9C-B791-94A1B2120AC5}.Debug|x86.ActiveCfg = Debug|Any CPU
		{26ECB5BE-0F3F-4A9C-B791-94A1B2120AC5}.Debug|x86.Build.0 = Debug|Any CPU
		{26ECB5BE-0F3F-4A9C-B791-94A1B2120AC5}.Release|Any CPU.ActiveCfg = Release|Any CPU
		{26ECB5BE-0F3F-4A9C-B791-94A1B2120AC5}.Release|Any CPU.Build.0 = Release|Any CPU
		{26ECB5BE-0F3F-4A9C-B791-94A1B2120AC5}.Release|x64.ActiveCfg = Release|Any CPU
		{26ECB5BE-0F3F-4A9C-B791-94A1B2120AC5}.Release|x64.Build.0 = Release|Any CPU
		{26ECB5BE-0F3F-4A9C-B791-94A1B2120AC5}.Release|x86.ActiveCfg = Release|Any CPU
		{26ECB5BE-0F3F-4A9C-B791-94A1B2120AC5}.Release|x86.Build.0 = Release|Any CPU
	EndGlobalSection
EndGlobal
